
Microsoft Visual Studio Solution File, Format Version 12.00
# Visual Studio Version 17
VisualStudioVersion = 17.6.33829.357
MinimumVisualStudioVersion = 10.0.40219.1
Project("{FAE04EC0-301F-11D3-BF4B-00C04F79EFBC}") = "Test", "Test\Test.csproj", "{D99B3CAD-5A6B-4218-95EB-737C9B1BD8FF}"
EndProject
Global
	GlobalSection(SolutionConfigurationPlatforms) = preSolution
		Debug|Any CPU = Debug|Any CPU
		Release|Any CPU = Release|Any CPU
	EndGlobalSection
	GlobalSection(ProjectConfigurationPlatforms) = postSolution
		{D99B3CAD-5A6B-4218-95EB-737C9B1BD8FF}.Debug|Any CPU.ActiveCfg = Debug|Any CPU
		{D99B3CAD-5A6B-4218-95EB-737C9B1BD8FF}.Debug|Any CPU.Build.0 = Debug|Any CPU
		{D99B3CAD-5A6B-4218-95EB-737C9B1BD8FF}.Release|Any CPU.ActiveCfg = Release|Any CPU
		{D99B3CAD-5A6B-4218-95EB-737C9B1BD8FF}.Release|Any CPU.Build.0 = Release|Any CPU
	EndGlobalSection
	GlobalSection(SolutionProperties) = preSolution
		HideSolutionNode = FALSE
	EndGlobalSection
	GlobalSection(ExtensibilityGlobals) = postSolution
		SolutionGuid = {9EA3BAC0-0FD5-4324-B9E2-B5C4130DD4CB}
	EndGlobalSection
EndGlobal
